
Microsoft Visual Studio Solution File, Format Version 12.00
# Visual Studio Version 17
VisualStudioVersion = 17.2.32616.157
MinimumVisualStudioVersion = 10.0.40219.1
Project("{FAE04EC0-301F-11D3-BF4B-00C04F79EFBC}") = "HFRM-SALARY-CALCULATOR", "HFRM-SALARY-CALCULATOR.csproj", "{B4037540-EA31-403B-B52C-A5640B7D4949}"
EndProject
Global
	GlobalSection(SolutionConfigurationPlatforms) = preSolution
		Debug|Any CPU = Debug|Any CPU
		Release|Any CPU = Release|Any CPU
	EndGlobalSection
	GlobalSection(ProjectConfigurationPlatforms) = postSolution
		{B4037540-EA31-403B-B52C-A5640B7D4949}.Debug|Any CPU.ActiveCfg = Debug|Any CPU
		{B4037540-EA31-403B-B52C-A5640B7D4949}.Debug|Any CPU.Build.0 = Debug|Any CPU
		{B4037540-EA31-403B-B52C-A5640B7D4949}.Release|Any CPU.ActiveCfg = Release|Any CPU
		{B4037540-EA31-403B-B52C-A5640B7D4949}.Release|Any CPU.Build.0 = Release|Any CPU
	EndGlobalSection
	GlobalSection(SolutionProperties) = preSolution
		HideSolutionNode = FALSE
	EndGlobalSection
	GlobalSection(ExtensibilityGlobals) = postSolution
		SolutionGuid = {B1AA719B-7C25-42DE-99AD-9A9B1D3BCF2B}
	EndGlobalSection
EndGlobal
